{
  "version": 4,
  "terraform_version": "1.8.4",
  "serial": 9,
  "lineage": "66908a66-2fed-d018-e2ba-c60bfd0078d4",
  "outputs": {},
  "resources": [
    {
      "mode": "managed",
      "type": "local_file",
      "name": "my_pet",
      "provider": "provider[\"registry.terraform.io/hashicorp/local\"]",
      "instances": [
        {
          "schema_version": 0,
          "attributes": {
            "content": "welcome to techie horizon",
            "content_base64": null,
            "content_base64sha256": "KNaYYXH2zVMiQoR5QPRYZZxbHzCI1b37iNdL/7CiujU=",
            "content_base64sha512": "AqjKHbrakwp1kAgL4OGePs264lCjykgVEGeNGRL63bqz3nuFDe/mlx0FKstDtYU/kHjrwIytjaUBzm0l+w4E6A==",
            "content_md5": "f3547d09559e5a772ed68c4e8372cedf",
            "content_sha1": "03403c7f5829484e667d5e7876b169ea9079fc79",
            "content_sha256": "28d6986171f6cd532242847940f458659c5b1f3088d5bdfb88d74bffb0a2ba35",
            "content_sha512": "02a8ca1dbada930a7590080be0e19e3ecdbae250a3ca481510678d1912faddbab3de7b850defe6971d052acb43b5853f9078ebc08cad8da501ce6d25fb0e04e8",
            "directory_permission": "0777",
            "file_permission": "0777",
            "filename": "devops.txt",
            "id": "03403c7f5829484e667d5e7876b169ea9079fc79",
            "sensitive_content": null,
            "source": null
          },
          "sensitive_attributes": [
            [
              {
                "type": "get_attr",
                "value": "sensitive_content"
              }
            ]
          ]
        }
      ]
    },
    {
      "mode": "managed",
      "type": "random_pet",
      "name": "petname",
      "provider": "provider[\"registry.terraform.io/hashicorp/random\"]",
      "instances": [
        {
          "schema_version": 0,
          "attributes": {
            "id": "MR.gannet",
            "keepers": null,
            "length": 1,
            "prefix": "MR",
            "separator": "."
          },
          "sensitive_attributes": []
        }
      ]
    }
  ],
  "check_results": null
}
